github.com/andybalholm/brotli v1.2.6 h1:ftYnfj6usCp+UGV5kSJ3+chpMQgU+gJf/AxsUQ52REI=
github.com/andybalholm/brotli v1.2.6/go.mod h1:rzTDkvFWvIrjDXZHkuS16NPggd91W3kUSvPlQ1pLaKY=
github.com/go-opentype/fonts v0.12.0 h1:gjYYkbDZBK3JHpraakgGNnXdkGq8oADerhDYjC22ILQ=
github.com/go-opentype/fonts v0.12.0/go.mod h1:Kiep7ojxxaR2ALFeB/akcFHQyl1gG5OLIobp8EzaZSA=
github.com/go-opentype/opentype v0.15.0 h1:ioE3eCbNZavlk/w073J3uX5FKjqhgOHQw+wZZdJ+gE4=
github.com/go-opentype/opentype v0.15.0/go.mod h1:ZB31jTJl2mhPESXYMuUW+p36UrOabw/2+6mtyh/vNnI=
github.com/go-pdfkit/pdffont v0.4.0 h1:3CV2HnmUGHiIYuZ5dJWRLKvi7hMHGWS1RjgNYkEZ0Gk=
github.com/go-pdfkit/pdffont v0.4.0/go.mod h1:l7es3IPbKewQF+sSgPh/bQL18jSewoI0cMjttk7uPlc=
github.com/go-pdfkit/reader v0.7.0 h1:+Fz5i8Zq6beBpTc3pNTbJ3Qf14aroA5txgeVzVGLTSY=
github.com/go-pdfkit/reader v0.7.0/go.mod h1:EYHHREPKT/orDzlGiFPnPVPPuaRDLiAYezIr0cCFXaA=
github.com/xyproto/randomstring v1.0.5 h1:YtlWPoRdgMu3NZtP45drfy1GKoojuR7hmRcnhZqKjWU=
github.com/xyproto/randomstring v1.0.5/go.mod h1:rgmS5DeNXLivK7YprL0pY+lTuhNQW3iGxZ18UQApw/E=
